{
    "_readme": [
        "This file locks the dependencies of your project to a known state",
        "Read more about it at https://getcomposer.org/doc/01-basic-usage.md#composer-lock-the-lock-file",
        "This file is @generated automatically"
    ],
    "hash": "1b1f740ec2d4905149f36e5bb15c1ae1",
    "content-hash": "f8252d1b51e309c458b21b9d274cebb4",
    "packages": [
        {
            "name": "hoa/compiler",
            "version": "3.16.01.14",
            "source": {
                "type": "git",
                "url": "https://github.com/hoaproject/Compiler.git",
                "reference": "a1505e507e8368dbf7a5b490c4a5a90e06d7bd69"
            },
            "dist": {
                "type": "zip",
                "url": "https://api.github.com/repos/hoaproject/Compiler/zipball/a1505e507e8368dbf7a5b490c4a5a90e06d7bd69",
                "reference": "a1505e507e8368dbf7a5b490c4a5a90e06d7bd69",
                "shasum": ""
            },
            "require": {
                "hoa/consistency": "~1.0",
                "hoa/exception": "~1.0",
                "hoa/file": "~1.0",
                "hoa/iterator": "~2.0",
                "hoa/math": "~1.0",
                "hoa/protocol": "~1.0",
                "hoa/regex": "~1.0",
                "hoa/visitor": "~2.0"
            },
            "require-dev": {
                "hoa/json": "~2.0",
                "hoa/test": "~2.0"
            },
            "type": "library",
            "extra": {
                "branch-alias": {
                    "dev-master": "3.x-dev"
                }
            },
            "autoload": {
                "psr-4": {
                    "Hoa\\Compiler\\": "."
                }
            },
            "notification-url": "https://packagist.org/downloads/",
            "license": [
                "BSD-3-Clause"
            ],
            "authors": [
                {
                    "name": "Ivan Enderlin",
                    "email": "ivan.enderlin@hoa-project.net"
                },
                {
                    "name": "Hoa community",
                    "homepage": "http://hoa-project.net/"
                }
            ],
            "description": "The Hoa\\Compiler library.",
            "homepage": "http://hoa-project.net/",
            "keywords": [
                "algebraic",
                "ast",
                "compiler",
                "context-free",
                "coverage",
                "exhaustive",
                "grammar",
                "isotropic",
                "language",
                "lexer",
                "library",
                "ll1",
                "llk",
                "parser",
                "pp",
                "random",
                "regular",
                "rule",
                "sampler",
                "syntax",
                "token",
                "trace",
                "uniform"
            ],
            "time": "2016-01-14 20:44:59"
        },
        {
            "name": "hoa/consistency",
            "version": "1.16.03.03",
            "source": {
                "type": "git",
                "url": "https://github.com/hoaproject/Consistency.git",
                "reference": "aa7e30f99aa2ae476f83800d3ad350506eec153b"
            },
            "dist": {
                "type": "zip",
                "url": "https://api.github.com/repos/hoaproject/Consistency/zipball/aa7e30f99aa2ae476f83800d3ad350506eec153b",
                "reference": "aa7e30f99aa2ae476f83800d3ad350506eec153b",
                "shasum": ""
            },
            "require": {
                "hoa/exception": "~1.0",
                "php": ">=5.5.0"
            },
            "require-dev": {
                "hoa/stream": "~1.0",
                "hoa/test": "~2.0"
            },
            "type": "library",
            "extra": {
                "branch-alias": {
                    "dev-master": "1.x-dev"
                }
            },
            "autoload": {
                "psr-4": {
                    "Hoa\\Consistency\\": "."
                },
                "files": [
                    "Prelude.php"
                ]
            },
            "notification-url": "https://packagist.org/downloads/",
            "license": [
                "BSD-3-Clause"
            ],
            "authors": [
                {
                    "name": "Ivan Enderlin",
                    "email": "ivan.enderlin@hoa-project.net"
                },
                {
                    "name": "Hoa community",
                    "homepage": "http://hoa-project.net/"
                }
            ],
            "description": "The Hoa\\Consistency library.",
            "homepage": "http://hoa-project.net/",
            "keywords": [
                "autoloader",
                "callable",
                "consistency",
                "entity",
                "flex",
                "keyword",
                "library"
            ],
            "time": "2016-03-03 09:37:24"
        },
        {
            "name": "hoa/event",
            "version": "1.16.03.15",
            "source": {
                "type": "git",
                "url": "https://github.com/hoaproject/Event.git",
                "reference": "b1577069d63d6efc559406f3bc31813ac33e76b8"
            },
            "dist": {
                "type": "zip",
                "url": "https://api.github.com/repos/hoaproject/Event/zipball/b1577069d63d6efc559406f3bc31813ac33e76b8",
                "reference": "b1577069d63d6efc559406f3bc31813ac33e76b8",
                "shasum": ""
            },
            "require": {
                "hoa/consistency": "~1.0",
                "hoa/exception": "~1.0"
            },
            "require-dev": {
                "hoa/test": "~2.0"
            },
            "type": "library",
            "extra": {
                "branch-alias": {
                    "dev-master": "1.x-dev"
                }
            },
            "autoload": {
                "psr-4": {
                    "Hoa\\Event\\": "."
                }
            },
            "notification-url": "https://packagist.org/downloads/",
            "license": [
                "BSD-3-Clause"
            ],
            "authors": [
                {
                    "name": "Ivan Enderlin",
                    "email": "ivan.enderlin@hoa-project.net"
                },
                {
                    "name": "Hoa community",
                    "homepage": "http://hoa-project.net/"
                }
            ],
            "description": "The Hoa\\Event library.",
            "homepage": "http://hoa-project.net/",
            "keywords": [
                "event",
                "library",
                "listener",
                "observer"
            ],
            "time": "2016-03-15 14:49:59"
        },
        {
            "name": "hoa/exception",
            "version": "1.16.01.11",
            "source": {
                "type": "git",
                "url": "https://github.com/hoaproject/Exception.git",
                "reference": "fa4a9648aef2c8ca8f4cd543429b24dc8feaa366"
            },
            "dist": {
                "type": "zip",
                "url": "https://api.github.com/repos/hoaproject/Exception/zipball/fa4a9648aef2c8ca8f4cd543429b24dc8feaa366",
                "reference": "fa4a9648aef2c8ca8f4cd543429b24dc8feaa366",
                "shasum": ""
            },
            "require": {
                "hoa/consistency": "~1.0",
                "hoa/event": "~1.0"
            },
            "require-dev": {
                "hoa/test": "~2.0"
            },
            "type": "library",
            "extra": {
                "branch-alias": {
                    "dev-master": "1.x-dev"
                }
            },
            "autoload": {
                "psr-4": {
                    "Hoa\\Exception\\": "."
                }
            },
            "notification-url": "https://packagist.org/downloads/",
            "license": [
                "BSD-3-Clause"
            ],
            "authors": [
                {
                    "name": "Ivan Enderlin",
                    "email": "ivan.enderlin@hoa-project.net"
                },
                {
                    "name": "Hoa community",
                    "homepage": "http://hoa-project.net/"
                }
            ],
            "description": "The Hoa\\Exception library.",
            "homepage": "http://hoa-project.net/",
            "keywords": [
                "exception",
                "library"
            ],
            "time": "2016-01-11 08:38:17"
        },
        {
            "name": "hoa/file",
            "version": "1.16.01.15",
            "source": {
                "type": "git",
                "url": "https://github.com/hoaproject/File.git",
                "reference": "bc04ddb476bfeee03c2be585fc37a98d2887277b"
            },
            "dist": {
                "type": "zip",
                "url": "https://api.github.com/repos/hoaproject/File/zipball/bc04ddb476bfeee03c2be585fc37a98d2887277b",
                "reference": "bc04ddb476bfeee03c2be585fc37a98d2887277b",
                "shasum": ""
            },
            "require": {
                "hoa/consistency": "~1.0",
                "hoa/event": "~1.0",
                "hoa/exception": "~1.0",
                "hoa/iterator": "~2.0",
                "hoa/stream": "~1.0"
            },
            "require-dev": {
                "hoa/test": "~2.0"
            },
            "type": "library",
            "extra": {
                "branch-alias": {
                    "dev-master": "1.x-dev"
                }
            },
            "autoload": {
                "psr-4": {
                    "Hoa\\File\\": "."
                }
            },
            "notification-url": "https://packagist.org/downloads/",
            "license": [
                "BSD-3-Clause"
            ],
            "authors": [
                {
                    "name": "Ivan Enderlin",
                    "email": "ivan.enderlin@hoa-project.net"
                },
                {
                    "name": "Hoa community",
                    "homepage": "http://hoa-project.net/"
                }
            ],
            "description": "The Hoa\\File library.",
            "homepage": "http://hoa-project.net/",
            "keywords": [
                "Socket",
                "directory",
                "file",
                "finder",
                "library",
                "link",
                "temporary"
            ],
            "time": "2016-01-14 20:55:07"
        },
        {
            "name": "hoa/iterator",
            "version": "2.16.03.15",
            "source": {
                "type": "git",
                "url": "https://github.com/hoaproject/Iterator.git",
                "reference": "60bdefab8db17717871a11101dedec60572f95b8"
            },
            "dist": {
                "type": "zip",
                "url": "https://api.github.com/repos/hoaproject/Iterator/zipball/60bdefab8db17717871a11101dedec60572f95b8",
                "reference": "60bdefab8db17717871a11101dedec60572f95b8",
                "shasum": ""
            },
            "require": {
                "hoa/consistency": "~1.0",
                "hoa/exception": "~1.0"
            },
            "require-dev": {
                "hoa/test": "~2.0"
            },
            "type": "library",
            "extra": {
                "branch-alias": {
                    "dev-master": "2.x-dev"
                }
            },
            "autoload": {
                "psr-4": {
                    "Hoa\\Iterator\\": "."
                }
            },
            "notification-url": "https://packagist.org/downloads/",
            "license": [
                "BSD-3-Clause"
            ],
            "authors": [
                {
                    "name": "Ivan Enderlin",
                    "email": "ivan.enderlin@hoa-project.net"
                },
                {
                    "name": "Hoa community",
                    "homepage": "http://hoa-project.net/"
                }
            ],
            "description": "The Hoa\\Iterator library.",
            "homepage": "http://hoa-project.net/",
            "keywords": [
                "iterator",
                "library"
            ],
            "time": "2016-03-15 14:51:54"
        },
        {
            "name": "hoa/math",
            "version": "dev-master",
            "source": {
                "type": "git",
                "url": "https://github.com/gravityview/Math.git",
                "reference": "4bebe06a973cc8add847a45180008b10dc42adbb"
            },
            "dist": {
                "type": "zip",
                "url": "https://api.github.com/repos/gravityview/Math/zipball/4bebe06a973cc8add847a45180008b10dc42adbb",
                "reference": "4bebe06a973cc8add847a45180008b10dc42adbb",
                "shasum": ""
            },
            "require": {
                "hoa/compiler": "~3.0",
                "hoa/consistency": "~1.0",
                "hoa/exception": "~1.0",
                "hoa/iterator": "~2.0",
                "hoa/protocol": "~1.0",
                "hoa/zformat": "~1.0"
            },
            "require-dev": {
                "hoa/test": "~2.0"
            },
            "type": "library",
            "extra": {
                "branch-alias": {
                    "dev-master": "1.x-dev"
                }
            },
            "autoload": {
                "psr-4": {
                    "Hoa\\Math\\": "."
                }
            },
            "license": [
                "BSD-3-Clause"
            ],
            "authors": [
                {
                    "name": "Ivan Enderlin",
                    "email": "ivan.enderlin@hoa-project.net"
                },
                {
                    "name": "Hoa community",
                    "homepage": "http://hoa-project.net/"
                }
            ],
            "description": "The Hoa\\Math library.",
            "homepage": "http://hoa-project.net/",
            "keywords": [
                "arrangement",
                "combination",
                "combinatorics",
                "counting",
                "library",
                "math",
                "permutation",
                "sampler",
                "set"
            ],
            "support": {
                "email": "support@lists.hoa-project.net",
                "irc": "irc://irc.freenode.org/hoaproject",
                "source": "http://git.hoa-project.net/"
            },
            "time": "2016-08-11 20:58:17"
        },
        {
            "name": "hoa/protocol",
            "version": "1.16.07.07",
            "source": {
                "type": "git",
                "url": "https://github.com/hoaproject/Protocol.git",
                "reference": "28fc998fac9c7364338ec98177fef353e76e4efb"
            },
            "dist": {
                "type": "zip",
                "url": "https://api.github.com/repos/hoaproject/Protocol/zipball/28fc998fac9c7364338ec98177fef353e76e4efb",
                "reference": "28fc998fac9c7364338ec98177fef353e76e4efb",
                "shasum": ""
            },
            "require": {
                "hoa/consistency": "~1.0",
                "hoa/exception": "~1.0"
            },
            "require-dev": {
                "hoa/test": "~2.0"
            },
            "type": "library",
            "extra": {
                "branch-alias": {
                    "dev-master": "1.x-dev"
                }
            },
            "autoload": {
                "psr-4": {
                    "Hoa\\Protocol\\": "."
                },
                "files": [
                    "Wrapper.php"
                ]
            },
            "notification-url": "https://packagist.org/downloads/",
            "license": [
                "BSD-3-Clause"
            ],
            "authors": [
                {
                    "name": "Ivan Enderlin",
                    "email": "ivan.enderlin@hoa-project.net"
                },
                {
                    "name": "Hoa community",
                    "homepage": "http://hoa-project.net/"
                }
            ],
            "description": "The Hoa\\Protocol library.",
            "homepage": "http://hoa-project.net/",
            "keywords": [
                "library",
                "protocol",
                "resource",
                "stream",
                "wrapper"
            ],
            "time": "2016-07-07 21:03:43"
        },
        {
            "name": "hoa/regex",
            "version": "1.16.01.15",
            "source": {
                "type": "git",
                "url": "https://github.com/hoaproject/Regex.git",
                "reference": "e7fb36fdea23ea9fc814a1a68bd0144df1891463"
            },
            "dist": {
                "type": "zip",
                "url": "https://api.github.com/repos/hoaproject/Regex/zipball/e7fb36fdea23ea9fc814a1a68bd0144df1891463",
                "reference": "e7fb36fdea23ea9fc814a1a68bd0144df1891463",
                "shasum": ""
            },
            "require": {
                "hoa/consistency": "~1.0",
                "hoa/exception": "~1.0",
                "hoa/math": "~1.0",
                "hoa/protocol": "~1.0",
                "hoa/ustring": "~4.0",
                "hoa/visitor": "~2.0"
            },
            "type": "library",
            "extra": {
                "branch-alias": {
                    "dev-master": "1.x-dev"
                }
            },
            "autoload": {
                "psr-4": {
                    "Hoa\\Regex\\": "."
                }
            },
            "notification-url": "https://packagist.org/downloads/",
            "license": [
                "BSD-3-Clause"
            ],
            "authors": [
                {
                    "name": "Ivan Enderlin",
                    "email": "ivan.enderlin@hoa-project.net"
                },
                {
                    "name": "Hoa community",
                    "homepage": "http://hoa-project.net/"
                }
            ],
            "description": "The Hoa\\Regex library.",
            "homepage": "http://hoa-project.net/",
            "keywords": [
                "compiler",
                "library",
                "regex"
            ],
            "time": "2016-01-14 21:10:33"
        },
        {
            "name": "hoa/stream",
            "version": "1.16.01.14",
            "source": {
                "type": "git",
                "url": "https://github.com/hoaproject/Stream.git",
                "reference": "c00b35078ef8c0881b7d2ed533de19fe0aaf9896"
            },
            "dist": {
                "type": "zip",
                "url": "https://api.github.com/repos/hoaproject/Stream/zipball/c00b35078ef8c0881b7d2ed533de19fe0aaf9896",
                "reference": "c00b35078ef8c0881b7d2ed533de19fe0aaf9896",
                "shasum": ""
            },
            "require": {
                "hoa/consistency": "~1.0",
                "hoa/event": "~1.0",
                "hoa/exception": "~1.0",
                "hoa/protocol": "~1.0"
            },
            "type": "library",
            "extra": {
                "branch-alias": {
                    "dev-master": "1.x-dev"
                }
            },
            "autoload": {
                "psr-4": {
                    "Hoa\\Stream\\": "."
                }
            },
            "notification-url": "https://packagist.org/downloads/",
            "license": [
                "BSD-3-Clause"
            ],
            "authors": [
                {
                    "name": "Ivan Enderlin",
                    "email": "ivan.enderlin@hoa-project.net"
                },
                {
                    "name": "Hoa community",
                    "homepage": "http://hoa-project.net/"
                }
            ],
            "description": "The Hoa\\Stream library.",
            "homepage": "http://hoa-project.net/",
            "keywords": [
                "Context",
                "bucket",
                "composite",
                "filter",
                "in",
                "library",
                "out",
                "protocol",
                "stream",
                "wrapper"
            ],
            "time": "2016-01-14 20:11:37"
        },
        {
            "name": "hoa/ustring",
            "version": "4.16.01.11",
            "source": {
                "type": "git",
                "url": "https://github.com/hoaproject/Ustring.git",
                "reference": "9f76b9aae5901b4f476ef854e29ccd746d6899d2"
            },
            "dist": {
                "type": "zip",
                "url": "https://api.github.com/repos/hoaproject/Ustring/zipball/9f76b9aae5901b4f476ef854e29ccd746d6899d2",
                "reference": "9f76b9aae5901b4f476ef854e29ccd746d6899d2",
                "shasum": ""
            },
            "require": {
                "hoa/consistency": "~1.0",
                "hoa/exception": "~1.0"
            },
            "require-dev": {
                "hoa/test": "~2.0"
            },
            "suggest": {
                "ext-iconv": "ext/iconv must be present (or a third implementation) to use Hoa\\Ustring::transcode().",
                "ext-intl": "To get a better Hoa\\Ustring::toAscii() and Hoa\\Ustring::compareTo()."
            },
            "type": "library",
            "extra": {
                "branch-alias": {
                    "dev-master": "4.x-dev"
                }
            },
            "autoload": {
                "psr-4": {
                    "Hoa\\Ustring\\": "."
                }
            },
            "notification-url": "https://packagist.org/downloads/",
            "license": [
                "BSD-3-Clause"
            ],
            "authors": [
                {
                    "name": "Ivan Enderlin",
                    "email": "ivan.enderlin@hoa-project.net"
                },
                {
                    "name": "Hoa community",
                    "homepage": "http://hoa-project.net/"
                }
            ],
            "description": "The Hoa\\Ustring library.",
            "homepage": "http://hoa-project.net/",
            "keywords": [
                "library",
                "search",
                "string",
                "unicode"
            ],
            "time": "2016-01-11 09:51:34"
        },
        {
            "name": "hoa/visitor",
            "version": "2.16.01.11",
            "source": {
                "type": "git",
                "url": "https://github.com/hoaproject/Visitor.git",
                "reference": "cb21074b7eb89c3ac9f76d25c72671d579735ca9"
            },
            "dist": {
                "type": "zip",
                "url": "https://api.github.com/repos/hoaproject/Visitor/zipball/cb21074b7eb89c3ac9f76d25c72671d579735ca9",
                "reference": "cb21074b7eb89c3ac9f76d25c72671d579735ca9",
                "shasum": ""
            },
            "require": {
                "hoa/consistency": "~1.0"
            },
            "require-dev": {
                "hoa/test": "~2.0"
            },
            "type": "library",
            "extra": {
                "branch-alias": {
                    "dev-master": "2.x-dev"
                }
            },
            "autoload": {
                "psr-4": {
                    "Hoa\\Visitor\\": "."
                }
            },
            "notification-url": "https://packagist.org/downloads/",
            "license": [
                "BSD-3-Clause"
            ],
            "authors": [
                {
                    "name": "Ivan Enderlin",
                    "email": "ivan.enderlin@hoa-project.net"
                },
                {
                    "name": "Hoa community",
                    "homepage": "http://hoa-project.net/"
                }
            ],
            "description": "The Hoa\\Visitor library.",
            "homepage": "http://hoa-project.net/",
            "keywords": [
                "library",
                "structure",
                "visit",
                "visitor"
            ],
            "time": "2016-01-11 09:54:01"
        },
        {
            "name": "hoa/zformat",
            "version": "1.16.03.15",
            "source": {
                "type": "git",
                "url": "https://github.com/hoaproject/Zformat.git",
                "reference": "d261637aa6f4485d697ebcb898a379f7a34b4e34"
            },
            "dist": {
                "type": "zip",
                "url": "https://api.github.com/repos/hoaproject/Zformat/zipball/d261637aa6f4485d697ebcb898a379f7a34b4e34",
                "reference": "d261637aa6f4485d697ebcb898a379f7a34b4e34",
                "shasum": ""
            },
            "require": {
                "hoa/consistency": "~1.0",
                "hoa/exception": "~1.0"
            },
            "type": "library",
            "extra": {
                "branch-alias": {
                    "dev-master": "1.x-dev"
                }
            },
            "autoload": {
                "psr-4": {
                    "Hoa\\Zformat\\": "."
                }
            },
            "notification-url": "https://packagist.org/downloads/",
            "license": [
                "BSD-3-Clause"
            ],
            "authors": [
                {
                    "name": "Ivan Enderlin",
                    "email": "ivan.enderlin@hoa-project.net"
                },
                {
                    "name": "Hoa community",
                    "homepage": "http://hoa-project.net/"
                }
            ],
            "description": "The Hoa\\Zformat library.",
            "homepage": "http://hoa-project.net/",
            "keywords": [
                "library",
                "parameter",
                "zformat"
            ],
            "time": "2016-03-15 14:55:30"
        }
    ],
    "packages-dev": [],
    "aliases": [],
    "minimum-stability": "stable",
    "stability-flags": {
        "hoa/math": 20
    },
    "prefer-stable": false,
    "prefer-lowest": false,
    "platform": {
        "php": ">=5.4.0"
    },
    "platform-dev": []
}
